
Microsoft Visual Studio Solution File, Format Version 12.00
# Visual Studio Version 16
VisualStudioVersion = 16.0.32228.343
MinimumVisualStudioVersion = 10.0.40219.1
Project("{FAE04EC0-301F-11D3-BF4B-00C04F79EFBC}") = "WebApplication1", "WebApplication1\WebApplication1.csproj", "{43ACD4A6-D5E5-4AB8-9FC6-B45EE32E379E}"
EndProject
Global
	GlobalSection(SolutionConfigurationPlatforms) = preSolution
		Debug|Any CPU = Debug|Any CPU
		Release|Any CPU = Release|Any CPU
	EndGlobalSection
	GlobalSection(ProjectConfigurationPlatforms) = postSolution
		{43ACD4A6-D5E5-4AB8-9FC6-B45EE32E379E}.Debug|Any CPU.ActiveCfg = Debug|Any CPU
		{43ACD4A6-D5E5-4AB8-9FC6-B45EE32E379E}.Debug|Any CPU.Build.0 = Debug|Any CPU
		{43ACD4A6-D5E5-4AB8-9FC6-B45EE32E379E}.Release|Any CPU.ActiveCfg = Release|Any CPU
		{43ACD4A6-D5E5-4AB8-9FC6-B45EE32E379E}.Release|Any CPU.Build.0 = Release|Any CPU
	EndGlobalSection
	GlobalSection(SolutionProperties) = preSolution
		HideSolutionNode = FALSE
	EndGlobalSection
	GlobalSection(ExtensibilityGlobals) = postSolution
		SolutionGuid = {1E397ED9-E329-42B3-A0E2-9DC55F01E105}
	EndGlobalSection
EndGlobal
